# THIS IS AN AUTOGENERATED FILE. DO NOT EDIT THIS FILE DIRECTLY.
# yarn lockfile v1


"@heroicons/react@v1":
  version "1.0.6"
  resolved "https://registry.yarnpkg.com/@heroicons/react/-/react-1.0.6.tgz#35dd26987228b39ef2316db3b1245c42eb19e324"
  integrity sha512-JJCXydOFWMDpCP4q13iEplA503MQO3xLoZiKum+955ZCtHINWnx26CUxVxxFQu/uLb4LW3ge15ZpzIkXKkJ8oQ==

framer-motion@^11.9.0:
  version "11.9.0"
  resolved "https://registry.yarnpkg.com/framer-motion/-/framer-motion-11.9.0.tgz#862e8fd83840afa9b31484946cb92e2ee3dbb0aa"
  integrity sha512-nCfGxvsQecVLjjYDu35G2F5ls+ArE3FBfhxV0RSiisMaUKqteq5DMBFNRKwMyVj+VqKTNhawt+BV480YCHKFlQ==
  dependencies:
    tslib "^2.4.0"

heroicons@^2.1.5:
  version "2.1.5"
  resolved "https://registry.yarnpkg.com/heroicons/-/heroicons-2.1.5.tgz#74664e5b06b7c5cfbe1f7e3d25ce51ee1a6f5b76"
  integrity sha512-XLq3m45bJphmWdR6im52alaYajp0/fluJa2+7xh3x7CgItumbLsjhKYe+mCf0lErXLy7ZyiEgKIty2gFNxhoyA==

lucide-react@^0.447.0:
  version "0.447.0"
  resolved "https://registry.yarnpkg.com/lucide-react/-/lucide-react-0.447.0.tgz#1b2c4044c619517346306d9fae950265aafa76a5"
  integrity sha512-SZ//hQmvi+kDKrNepArVkYK7/jfeZ5uFNEnYmd45RKZcbGD78KLnrcNXmgeg6m+xNHFvTG+CblszXCy4n6DN4w==

tslib@^2.4.0:
  version "2.7.0"
  resolved "https://registry.yarnpkg.com/tslib/-/tslib-2.7.0.tgz#d9b40c5c40ab59e8738f297df3087bf1a2690c01"
  integrity sha512-gLXCKdN1/j47AiHiOkJN69hJmcbGTHI0ImLmbYLHykhgeN0jVGola9yVjFgzCUklsZQMW55o+dW7IXv3RCXDzA==
